// !$*UTF8*$!
{
	archiveVersion = 1;
	classes = {
	};
	objectVersion = 48;
	objects = {

/* Begin PBXBuildFile section */
		55A259C621D9D4700047F2D9 /* AppDelegate.swift in Sources */ = {isa = PBXBuildFile; fileRef = 55A259C521D9D4700047F2D9 /* AppDelegate.swift */; };
		55A259C821D9D4700047F2D9 /* ViewController.swift in Sources */ = {isa = PBXBuildFile; fileRef = 55A259C721D9D4700047F2D9 /* ViewController.swift */; };
		55A259CB21D9D4700047F2D9 /* Main.storyboard in Resources */ = {isa = PBXBuildFile; fileRef = 55A259C921D9D4700047F2D9 /* Main.storyboard */; };
		55A259CD21D9D4700047F2D9 /* Assets.xcassets in Resources */ = {isa = PBXBuildFile; fileRef = 55A259CC21D9D4700047F2D9 /* Assets.xcassets */; };
		55A259D021D9D4700047F2D9 /* LaunchScreen.storyboard in Resources */ = {isa = PBXBuildFile; fileRef = 55A259CE21D9D4700047F2D9 /* LaunchScreen.storyboard */; };
		55A259DB21D9D4700047F2D9 /* IOSpreTaskTests.swift in Sources */ = {isa = PBXBuildFile; fileRef = 55A259DA21D9D4700047F2D9 /* IOSpreTaskTests.swift */; };
		55A259E621DB3D140047F2D9 /* weather.swift in Sources */ = {isa = PBXBuildFile; fileRef = 55A259E521DB3D140047F2D9 /* weather.swift */; };
/* End PBXBuildFile section */

/* Begin PBXContainerItemProxy section */
		55A259D721D9D4700047F2D9 /* PBXContainerItemProxy */ = {
			isa = PBXContainerItemProxy;
			containerPortal = 55A259BA21D9D46F0047F2D9 /* Project object */;
			proxyType = 1;
			remoteGlobalIDString = 55A259C121D9D46F0047F2D9;
			remoteInfo = IOSpreTask;
		};
/* End PBXContainerItemProxy section */

/* Begin PBXFileReference section */
		55A259C221D9D4700047F2D9 /* IOSpreTask.app */ = {isa = PBXFileReference; explicitFileType = wrapper.application; includeInIndex = 0; path = IOSpreTask.app; sourceTree = BUILT_PRODUCTS_DIR; };
		55A259C521D9D4700047F2D9 /* AppDelegate.swift */ = {isa = PBXFileReference; lastKnownFileType = sourcecode.swift; path = AppDelegate.swift; sourceTree = "<group>"; };
		55A259C721D9D4700047F2D9 /* ViewController.swift */ = {isa = PBXFileReference; lastKnownFileType = sourcecode.swift; path = ViewController.swift; sourceTree = "<group>"; };
		55A259CA21D9D4700047F2D9 /* Base */ = {isa = PBXFileReference; lastKnownFileType = file.storyboard; name = Base; path = Base.lproj/Main.storyboard; sourceTree = "<group>"; };
		55A259CC21D9D4700047F2D9 /* Assets.xcassets */ = {isa = PBXFileReference; lastKnownFileType = folder.assetcatalog; path = Assets.xcassets; sourceTree = "<group>"; };
		55A259CF21D9D4700047F2D9 /* Base */ = {isa = PBXFileReference; lastKnownFileType = file.storyboard; name = Base; path = Base.lproj/LaunchScreen.storyboard; sourceTree = "<group>"; };
		55A259D121D9D4700047F2D9 /* Info.plist */ = {isa = PBXFileReference; lastKnownFileType = text.plist.xml; path = Info.plist; sourceTree = "<group>"; };
		55A259D621D9D4700047F2D9 /* IOSpreTaskTests.xctest */ = {isa = PBXFileReference; explicitFileType = wrapper.cfbundle; includeInIndex = 0; path = IOSpreTaskTests.xctest; sourceTree = BUILT_PRODUCTS_DIR; };
		55A259DA21D9D4700047F2D9 /* IOSpreTaskTests.swift */ = {isa = PBXFileReference; lastKnownFileType = sourcecode.swift; path = IOSpreTaskTests.swift; sourceTree = "<group>"; };
		55A259DC21D9D4700047F2D9 /* Info.plist */ = {isa = PBXFileReference; lastKnownFileType = text.plist.xml; path = Info.plist; sourceTree = "<group>"; };
		55A259E521DB3D140047F2D9 /* weather.swift */ = {isa = PBXFileReference; lastKnownFileType = sourcecode.swift; path = weather.swift; sourceTree = "<group>"; };
/* End PBXFileReference section */

/* Begin PBXFrameworksBuildPhase section */
		55A259BF21D9D46F0047F2D9 /* Frameworks */ = {
			isa = PBXFrameworksBuildPhase;
			buildActionMask = 2147483647;
			files = (
			);
			runOnlyForDeploymentPostprocessing = 0;
		};
		55A259D321D9D4700047F2D9 /* Frameworks */ = {
			isa = PBXFrameworksBuildPhase;
			buildActionMask = 2147483647;
			files = (
			);
			runOnlyForDeploymentPostprocessing = 0;
		};
/* End PBXFrameworksBuildPhase section */

/* Begin PBXGroup section */
		55A259B921D9D46F0047F2D9 = {
			isa = PBXGroup;
			children = (
				55A259C421D9D4700047F2D9 /* IOSpreTask */,
				55A259D921D9D4700047F2D9 /* IOSpreTaskTests */,
				55A259C321D9D4700047F2D9 /* Products */,
			);
			sourceTree = "<group>";
		};
		55A259C321D9D4700047F2D9 /* Products */ = {
			isa = PBXGroup;
			children = (
				55A259C221D9D4700047F2D9 /* IOSpreTask.app */,
				55A259D621D9D4700047F2D9 /* IOSpreTaskTests.xctest */,
			);
			name = Products;
			sourceTree = "<group>";
		};
		55A259C421D9D4700047F2D9 /* IOSpreTask */ = {
			isa = PBXGroup;
			children = (
				55A259C521D9D4700047F2D9 /* AppDelegate.swift */,
				55A259C721D9D4700047F2D9 /* ViewController.swift */,
				55A259E521DB3D140047F2D9 /* weather.swift */,
				55A259C921D9D4700047F2D9 /* Main.storyboard */,
				55A259CC21D9D4700047F2D9 /* Assets.xcassets */,
				55A259CE21D9D4700047F2D9 /* LaunchScreen.storyboard */,
				55A259D121D9D4700047F2D9 /* Info.plist */,
			);
			path = IOSpreTask;
			sourceTree = "<group>";
		};
		55A259D921D9D4700047F2D9 /* IOSpreTaskTests */ = {
			isa = PBXGroup;
			children = (
				55A259DA21D9D4700047F2D9 /* IOSpreTaskTests.swift */,
				55A259DC21D9D4700047F2D9 /* Info.plist */,
			);
			path = IOSpreTaskTests;
			sourceTree = "<group>";
		};
/* End PBXGroup section */

/* Begin PBXNativeTarget section */
		55A259C121D9D46F0047F2D9 /* IOSpreTask */ = {
			isa = PBXNativeTarget;
			buildConfigurationList = 55A259DF21D9D4700047F2D9 /* Build configuration list for PBXNativeTarget "IOSpreTask" */;
			buildPhases = (
				55A259BE21D9D46F0047F2D9 /* Sources */,
				55A259BF21D9D46F0047F2D9 /* Frameworks */,
				55A259C021D9D46F0047F2D9 /* Resources */,
			);
			buildRules = (
			);
			dependencies = (
			);
			name = IOSpreTask;
			productName = IOSpreTask;
			productReference = 55A259C221D9D4700047F2D9 /* IOSpreTask.app */;
			productType = "com.apple.product-type.application";
		};
		55A259D521D9D4700047F2D9 /* IOSpreTaskTests */ = {
			isa = PBXNativeTarget;
			buildConfigurationList = 55A259E221D9D4700047F2D9 /* Build configuration list for PBXNativeTarget "IOSpreTaskTests" */;
			buildPhases = (
				55A259D221D9D4700047F2D9 /* Sources */,
				55A259D321D9D4700047F2D9 /* Frameworks */,
				55A259D421D9D4700047F2D9 /* Resources */,
			);
			buildRules = (
			);
			dependencies = (
				55A259D821D9D4700047F2D9 /* PBXTargetDependency */,
			);
			name = IOSpreTaskTests;
			productName = IOSpreTaskTests;
			productReference = 55A259D621D9D4700047F2D9 /* IOSpreTaskTests.xctest */;
			productType = "com.apple.product-type.bundle.unit-test";
		};
/* End PBXNativeTarget section */

/* Begin PBXProject section */
		55A259BA21D9D46F0047F2D9 /* Project object */ = {
			isa = PBXProject;
			attributes = {
				LastSwiftUpdateCheck = 0920;
				LastUpgradeCheck = 0920;
				ORGANIZATIONNAME = Oscar;
				TargetAttributes = {
					55A259C121D9D46F0047F2D9 = {
						CreatedOnToolsVersion = 9.2;
						ProvisioningStyle = Automatic;
					};
					55A259D521D9D4700047F2D9 = {
						CreatedOnToolsVersion = 9.2;
						ProvisioningStyle = Automatic;
						TestTargetID = 55A259C121D9D46F0047F2D9;
					};
				};
			};
			buildConfigurationList = 55A259BD21D9D46F0047F2D9 /* Build configuration list for PBXProject "IOSpreTask" */;
			compatibilityVersion = "Xcode 8.0";
			developmentRegion = en;
			hasScannedForEncodings = 0;
			knownRegions = (
				en,
				Base,
			);
			mainGroup = 55A259B921D9D46F0047F2D9;
			productRefGroup = 55A259C321D9D4700047F2D9 /* Products */;
			projectDirPath = "";
			projectRoot = "";
			targets = (
				55A259C121D9D46F0047F2D9 /* IOSpreTask */,
				55A259D521D9D4700047F2D9 /* IOSpreTaskTests */,
			);
		};
/* End PBXProject section */

/* Begin PBXResourcesBuildPhase section */
		55A259C021D9D46F0047F2D9 /* Resources */ = {
			isa = PBXResourcesBuildPhase;
			buildActionMask = 2147483647;
			files = (
				55A259D021D9D4700047F2D9 /* LaunchScreen.storyboard in Resources */,
				55A259CD21D9D4700047F2D9 /* Assets.xcassets in Resources */,
				55A259CB21D9D4700047F2D9 /* Main.storyboard in Resources */,
			);
			runOnlyForDeploymentPostprocessing = 0;
		};
		55A259D421D9D4700047F2D9 /* Resources */ = {
			isa = PBXResourcesBuildPhase;
			buildActionMask = 2147483647;
			files = (
			);
			runOnlyForDeploymentPostprocessing = 0;
		};
/* End PBXResourcesBuildPhase section */

/* Begin PBXSourcesBuildPhase section */
		55A259BE21D9D46F0047F2D9 /* Sources */ = {
			isa = PBXSourcesBuildPhase;
			buildActionMask = 2147483647;
			files = (
				55A259C821D9D4700047F2D9 /* ViewController.swift in Sources */,
				55A259C621D9D4700047F2D9 /* AppDelegate.swift in Sources */,
				55A259E621DB3D140047F2D9 /* weather.swift in Sources */,
			);
			runOnlyForDeploymentPostprocessing = 0;
		};
		55A259D221D9D4700047F2D9 /* Sources */ = {
			isa = PBXSourcesBuildPhase;
			buildActionMask = 2147483647;
			files = (
				55A259DB21D9D4700047F2D9 /* IOSpreTaskTests.swift in Sources */,
			);
			runOnlyForDeploymentPostprocessing = 0;
		};
/* End PBXSourcesBuildPhase section */

/* Begin PBXTargetDependency section */
		55A259D821D9D4700047F2D9 /* PBXTargetDependency */ = {
			isa = PBXTargetDependency;
			target = 55A259C121D9D46F0047F2D9 /* IOSpreTask */;
			targetProxy = 55A259D721D9D4700047F2D9 /* PBXContainerItemProxy */;
		};
/* End PBXTargetDependency section */

/* Begin PBXVariantGroup section */
		55A259C921D9D4700047F2D9 /* Main.storyboard */ = {
			isa = PBXVariantGroup;
			children = (
				55A259CA21D9D4700047F2D9 /* Base */,
			);
			name = Main.storyboard;
			sourceTree = "<group>";
		};
		55A259CE21D9D4700047F2D9 /* LaunchScreen.storyboard */ = {
			isa = PBXVariantGroup;
			children = (
				55A259CF21D9D4700047F2D9 /* Base */,
			);
			name = LaunchScreen.storyboard;
			sourceTree = "<group>";
		};
/* End PBXVariantGroup section */

/* Begin XCBuildConfiguration section */
		55A259DD21D9D4700047F2D9 /* Debug */ = {
			isa = XCBuildConfiguration;
			buildSettings = {
				ALWAYS_SEARCH_USER_PATHS = NO;
				CLANG_ANALYZER_NONNULL = YES;
				CLANG_ANALYZER_NUMBER_OBJECT_CONVERSION = YES_AGGRESSIVE;
				CLANG_CXX_LANGUAGE_STANDARD = "gnu++14";
				CLANG_CXX_LIBRARY = "libc++";
				CLANG_ENABLE_MODULES = YES;
				CLANG_ENABLE_OBJC_ARC = YES;
				CLANG_WARN_BLOCK_CAPTURE_AUTORELEASING = YES;
				CLANG_WARN_BOOL_CONVERSION = YES;
				CLANG_WARN_COMMA = YES;
				CLANG_WARN_CONSTANT_CONVERSION = YES;
				CLANG_WARN_DIRECT_OBJC_ISA_USAGE = YES_ERROR;
				CLANG_WARN_DOCUMENTATION_COMMENTS = YES;
				CLANG_WARN_EMPTY_BODY = YES;
				CLANG_WARN_ENUM_CONVERSION = YES;
				CLANG_WARN_INFINITE_RECURSION = YES;
				CLANG_WARN_INT_CONVERSION = YES;
				CLANG_WARN_NON_LITERAL_NULL_CONVERSION = YES;
				CLANG_WARN_OBJC_LITERAL_CONVERSION = YES;
				CLANG_WARN_OBJC_ROOT_CLASS = YES_ERROR;
				CLANG_WARN_RANGE_LOOP_ANALYSIS = YES;
				CLANG_WARN_STRICT_PROTOTYPES = YES;
				CLANG_WARN_SUSPICIOUS_MOVE = YES;
				CLANG_WARN_UNGUARDED_AVAILABILITY = YES_AGGRESSIVE;
				CLANG_WARN_UNREACHABLE_CODE = YES;
				CLANG_WARN__DUPLICATE_METHOD_MATCH = YES;
				CODE_SIGN_IDENTITY = "iPhone Developer";
				COPY_PHASE_STRIP = NO;
				DEBUG_INFORMATION_FORMAT = dwarf;
				ENABLE_STRICT_OBJC_MSGSEND = YES;
				ENABLE_TESTABILITY = YES;
				GCC_C_LANGUAGE_STANDARD = gnu11;
				GCC_DYNAMIC_NO_PIC = NO;
				GCC_NO_COMMON_BLOCKS = YES;
				GCC_OPTIMIZATION_LEVEL = 0;
				GCC_PREPROCESSOR_DEFINITIONS = (
					"DEBUG=1",
					"$(inherited)",
				);
				GCC_WARN_64_TO_32_BIT_CONVERSION = YES;
				GCC_WARN_ABOUT_RETURN_TYPE = YES_ERROR;
				GCC_WARN_UNDECLARED_SELECTOR = YES;
				GCC_WARN_UNINITIALIZED_AUTOS = YES_AGGRESSIVE;
				GCC_WARN_UNUSED_FUNCTION = YES;
				GCC_WARN_UNUSED_VARIABLE = YES;
				IPHONEOS_DEPLOYMENT_TARGET = 11.2;
				MTL_ENABLE_DEBUG_INFO = YES;
				ONLY_ACTIVE_ARCH = YES;
				SDKROOT = iphoneos;
				SWIFT_ACTIVE_COMPILATION_CONDITIONS = DEBUG;
				SWIFT_OPTIMIZATION_LEVEL = "-Onone";
			};
			name = Debug;
		};
		55A259DE21D9D4700047F2D9 /* Release */ = {
			isa = XCBuildConfiguration;
			buildSettings = {
				ALWAYS_SEARCH_USER_PATHS = NO;
				CLANG_ANALYZER_NONNULL = YES;
				CLANG_ANALYZER_NUMBER_OBJECT_CONVERSION = YES_AGGRESSIVE;
				CLANG_CXX_LANGUAGE_STANDARD = "gnu++14";
				CLANG_CXX_LIBRARY = "libc++";
				CLANG_ENABLE_MODULES = YES;
				CLANG_ENABLE_OBJC_ARC = YES;
				CLANG_WARN_BLOCK_CAPTURE_AUTORELEASING = YES;
				CLANG_WARN_BOOL_CONVERSION = YES;
				CLANG_WARN_COMMA = YES;
				CLANG_WARN_CONSTANT_CONVERSION = YES;
				CLANG_WARN_DIRECT_OBJC_ISA_USAGE = YES_ERROR;
				CLANG_WARN_DOCUMENTATION_COMMENTS = YES;
				CLANG_WARN_EMPTY_BODY = YES;
				CLANG_WARN_ENUM_CONVERSION = YES;
				CLANG_WARN_INFINITE_RECURSION = YES;
				CLANG_WARN_INT_CONVERSION = YES;
				CLANG_WARN_NON_LITERAL_NULL_CONVERSION = YES;
				CLANG_WARN_OBJC_LITERAL_CONVERSION = YES;
				CLANG_WARN_OBJC_ROOT_CLASS = YES_ERROR;
				CLANG_WARN_RANGE_LOOP_ANALYSIS = YES;
				CLANG_WARN_STRICT_PROTOTYPES = YES;
				CLANG_WARN_SUSPICIOUS_MOVE = YES;
				CLANG_WARN_UNGUARDED_AVAILABILITY = YES_AGGRESSIVE;
				CLANG_WARN_UNREACHABLE_CODE = YES;
				CLANG_WARN__DUPLICATE_METHOD_MATCH = YES;
				CODE_SIGN_IDENTITY = "iPhone Developer";
				COPY_PHASE_STRIP = NO;
				DEBUG_INFORMATION_FORMAT = "dwarf-with-dsym";
				ENABLE_NS_ASSERTIONS = NO;
				ENABLE_STRICT_OBJC_MSGSEND = YES;
				GCC_C_LANGUAGE_STANDARD = gnu11;
				GCC_NO_COMMON_BLOCKS = YES;
				GCC_WARN_64_TO_32_BIT_CONVERSION = YES;
				GCC_WARN_ABOUT_RETURN_TYPE = YES_ERROR;
				GCC_WARN_UNDECLARED_SELECTOR = YES;
				GCC_WARN_UNINITIALIZED_AUTOS = YES_AGGRESSIVE;
				GCC_WARN_UNUSED_FUNCTION = YES;
				GCC_WARN_UNUSED_VARIABLE = YES;
				IPHONEOS_DEPLOYMENT_TARGET = 11.2;
				MTL_ENABLE_DEBUG_INFO = NO;
				SDKROOT = iphoneos;
				SWIFT_OPTIMIZATION_LEVEL = "-Owholemodule";
				VALIDATE_PRODUCT = YES;
			};
			name = Release;
		};
		55A259E021D9D4700047F2D9 /* Debug */ = {
			isa = XCBuildConfiguration;
			buildSettings = {
				ASSETCATALOG_COMPILER_APPICON_NAME = AppIcon;
				CODE_SIGN_STYLE = Automatic;
				INFOPLIST_FILE = IOSpreTask/Info.plist;
				LD_RUNPATH_SEARCH_PATHS = "$(inherited) @executable_path/Frameworks";
				PRODUCT_BUNDLE_IDENTIFIER = com.Oscar.IOSpreTask;
				PRODUCT_NAME = "$(TARGET_NAME)";
				SWIFT_VERSION = 4.0;
				TARGETED_DEVICE_FAMILY = "1,2";
			};
			name = Debug;
		};
		55A259E121D9D4700047F2D9 /* Release */ = {
			isa = XCBuildConfiguration;
			buildSettings = {
				ASSETCATALOG_COMPILER_APPICON_NAME = AppIcon;
				CODE_SIGN_STYLE = Automatic;
				INFOPLIST_FILE = IOSpreTask/Info.plist;
				LD_RUNPATH_SEARCH_PATHS = "$(inherited) @executable_path/Frameworks";
				PRODUCT_BUNDLE_IDENTIFIER = com.Oscar.IOSpreTask;
				PRODUCT_NAME = "$(TARGET_NAME)";
				SWIFT_VERSION = 4.0;
				TARGETED_DEVICE_FAMILY = "1,2";
			};
			name = Release;
		};
		55A259E321D9D4700047F2D9 /* Debug */ = {
			isa = XCBuildConfiguration;
			buildSettings = {
				ALWAYS_EMBED_SWIFT_STANDARD_LIBRARIES = YES;
				BUNDLE_LOADER = "$(TEST_HOST)";
				CODE_SIGN_STYLE = Automatic;
				INFOPLIST_FILE = IOSpreTaskTests/Info.plist;
				LD_RUNPATH_SEARCH_PATHS = "$(inherited) @executable_path/Frameworks @loader_path/Frameworks";
				PRODUCT_BUNDLE_IDENTIFIER = com.Oscar.IOSpreTaskTests;
				PRODUCT_NAME = "$(TARGET_NAME)";
				SWIFT_VERSION = 4.0;
				TARGETED_DEVICE_FAMILY = "1,2";
				TEST_HOST = "$(BUILT_PRODUCTS_DIR)/IOSpreTask.app/IOSpreTask";
			};
			name = Debug;
		};
		55A259E421D9D4700047F2D9 /* Release */ = {
			isa = XCBuildConfiguration;
			buildSettings = {
				ALWAYS_EMBED_SWIFT_STANDARD_LIBRARIES = YES;
				BUNDLE_LOADER = "$(TEST_HOST)";
				CODE_SIGN_STYLE = Automatic;
				INFOPLIST_FILE = IOSpreTaskTests/Info.plist;
				LD_RUNPATH_SEARCH_PATHS = "$(inherited) @executable_path/Frameworks @loader_path/Frameworks";
				PRODUCT_BUNDLE_IDENTIFIER = com.Oscar.IOSpreTaskTests;
				PRODUCT_NAME = "$(TARGET_NAME)";
				SWIFT_VERSION = 4.0;
				TARGETED_DEVICE_FAMILY = "1,2";
				TEST_HOST = "$(BUILT_PRODUCTS_DIR)/IOSpreTask.app/IOSpreTask";
			};
			name = Release;
		};
/* End XCBuildConfiguration section */

/* Begin XCConfigurationList section */
		55A259BD21D9D46F0047F2D9 /* Build configuration list for PBXProject "IOSpreTask" */ = {
			isa = XCConfigurationList;
			buildConfigurations = (
				55A259DD21D9D4700047F2D9 /* Debug */,
				55A259DE21D9D4700047F2D9 /* Release */,
			);
			defaultConfigurationIsVisible = 0;
			defaultConfigurationName = Release;
		};
		55A259DF21D9D4700047F2D9 /* Build configuration list for PBXNativeTarget "IOSpreTask" */ = {
			isa = XCConfigurationList;
			buildConfigurations = (
				55A259E021D9D4700047F2D9 /* Debug */,
				55A259E121D9D4700047F2D9 /* Release */,
			);
			defaultConfigurationIsVisible = 0;
			defaultConfigurationName = Release;
		};
		55A259E221D9D4700047F2D9 /* Build configuration list for PBXNativeTarget "IOSpreTaskTests" */ = {
			isa = XCConfigurationList;
			buildConfigurations = (
				55A259E321D9D4700047F2D9 /* Debug */,
				55A259E421D9D4700047F2D9 /* Release */,
			);
			defaultConfigurationIsVisible = 0;
			defaultConfigurationName = Release;
		};
/* End XCConfigurationList section */
	};
	rootObject = 55A259BA21D9D46F0047F2D9 /* Project object */;
}
